
Microsoft Visual Studio Solution File, Format Version 12.00
Project("{2150E333-8FDC-42A3-9474-1A3956D46DE8}") = "Core", "Core", "{5FD00B28-001E-4016-B21C-224915FA9262}"
EndProject
Project("{2150E333-8FDC-42A3-9474-1A3956D46DE8}") = "CrossCutting", "CrossCutting", "{BFC38679-F8CD-4AFB-9E2A-9993AF842842}"
EndProject
Project("{FAE04EC0-301F-11D3-BF4B-00C04F79EFBC}") = "Franco.Monetto.Api", "Franco.Monetto.Api\Franco.Monetto.Api.csproj", "{777B0C5B-B697-4040-876F-E3CB49AFB30A}"
EndProject
Project("{FAE04EC0-301F-11D3-BF4B-00C04F79EFBC}") = "Franco.Core", "Franco.Core\Franco.Core.csproj", "{650DF417-1B21-4020-9E0D-835066530B3A}"
EndProject
Project("{FAE04EC0-301F-11D3-BF4B-00C04F79EFBC}") = "Franco.Monetto.Application", "Franco.Monetto.Application\Franco.Monetto.Application.csproj", "{D6E372C7-0011-49A2-BC8C-3B5F18C9AAC4}"
EndProject
Project("{FAE04EC0-301F-11D3-BF4B-00C04F79EFBC}") = "Franco.Monetto.Domain", "Franco.Monetto.Domain\Franco.Monetto.Domain.csproj", "{8D8B2E8F-C381-4174-BEB4-2AB113D511E3}"
EndProject
Project("{FAE04EC0-301F-11D3-BF4B-00C04F79EFBC}") = "Franco.Core.Infra", "Franco.Core.Infra\Franco.Core.Infra.csproj", "{004A295C-08B1-4C3D-A9E3-8C7F3D129A40}"
EndProject
Project("{FAE04EC0-301F-11D3-BF4B-00C04F79EFBC}") = "Franco.CrossCutting.IoC", "Franco.CrossCutting.IoC\Franco.CrossCutting.IoC.csproj", "{0FF91FE7-639D-4257-B06F-AACE857091E2}"
EndProject
Project("{FAE04EC0-301F-11D3-BF4B-00C04F79EFBC}") = "Franco.Monetto.Infra", "Franco.Monetto.Infra\Franco.Monetto.Infra.csproj", "{21DCCD2F-730E-4D02-B30F-9337119C4538}"
EndProject
Project("{FAE04EC0-301F-11D3-BF4B-00C04F79EFBC}") = "Franco.Sentry.Api", "Franco.Sentry.Api\Franco.Sentry.Api.csproj", "{F12ABF30-7CB9-4E3A-9AD0-BC43192B09B9}"
EndProject
Project("{FAE04EC0-301F-11D3-BF4B-00C04F79EFBC}") = "Franco.Sentry.Domain", "Franco.Sentry.Domain\Franco.Sentry.Domain.csproj", "{ACE209DC-E51B-4D0C-BA84-7BDD085DE680}"
EndProject
Project("{FAE04EC0-301F-11D3-BF4B-00C04F79EFBC}") = "Franco.Sentry.Application", "Franco.Sentry.Application\Franco.Sentry.Application.csproj", "{EB47BF78-EF1E-4EAB-AD61-8EE2CA9353B6}"
EndProject
Project("{FAE04EC0-301F-11D3-BF4B-00C04F79EFBC}") = "Franco.Sentry.Infra", "Franco.Sentry.Infra\Franco.Sentry.Infra.csproj", "{FA40841B-6E26-416C-9E34-4A3215D9E486}"
EndProject
Project("{2150E333-8FDC-42A3-9474-1A3956D46DE8}") = "Sentry", "Sentry", "{10AB7133-C729-4406-B672-B4F8880B45B0}"
EndProject
Project("{2150E333-8FDC-42A3-9474-1A3956D46DE8}") = "Monetto", "Monetto", "{18D91D65-CB35-48F0-BB4C-8ED844574A58}"
EndProject
Global
	GlobalSection(SolutionConfigurationPlatforms) = preSolution
		Debug|Any CPU = Debug|Any CPU
		Release|Any CPU = Release|Any CPU
	EndGlobalSection
	GlobalSection(ProjectConfigurationPlatforms) = postSolution
		{777B0C5B-B697-4040-876F-E3CB49AFB30A}.Debug|Any CPU.ActiveCfg = Debug|Any CPU
		{777B0C5B-B697-4040-876F-E3CB49AFB30A}.Debug|Any CPU.Build.0 = Debug|Any CPU
		{777B0C5B-B697-4040-876F-E3CB49AFB30A}.Release|Any CPU.ActiveCfg = Release|Any CPU
		{777B0C5B-B697-4040-876F-E3CB49AFB30A}.Release|Any CPU.Build.0 = Release|Any CPU
		{650DF417-1B21-4020-9E0D-835066530B3A}.Debug|Any CPU.ActiveCfg = Debug|Any CPU
		{650DF417-1B21-4020-9E0D-835066530B3A}.Debug|Any CPU.Build.0 = Debug|Any CPU
		{650DF417-1B21-4020-9E0D-835066530B3A}.Release|Any CPU.ActiveCfg = Release|Any CPU
		{650DF417-1B21-4020-9E0D-835066530B3A}.Release|Any CPU.Build.0 = Release|Any CPU
		{D6E372C7-0011-49A2-BC8C-3B5F18C9AAC4}.Debug|Any CPU.ActiveCfg = Debug|Any CPU
		{D6E372C7-0011-49A2-BC8C-3B5F18C9AAC4}.Debug|Any CPU.Build.0 = Debug|Any CPU
		{D6E372C7-0011-49A2-BC8C-3B5F18C9AAC4}.Release|Any CPU.ActiveCfg = Release|Any CPU
		{D6E372C7-0011-49A2-BC8C-3B5F18C9AAC4}.Release|Any CPU.Build.0 = Release|Any CPU
		{8D8B2E8F-C381-4174-BEB4-2AB113D511E3}.Debug|Any CPU.ActiveCfg = Debug|Any CPU
		{8D8B2E8F-C381-4174-BEB4-2AB113D511E3}.Debug|Any CPU.Build.0 = Debug|Any CPU
		{8D8B2E8F-C381-4174-BEB4-2AB113D511E3}.Release|Any CPU.ActiveCfg = Release|Any CPU
		{8D8B2E8F-C381-4174-BEB4-2AB113D511E3}.Release|Any CPU.Build.0 = Release|Any CPU
		{004A295C-08B1-4C3D-A9E3-8C7F3D129A40}.Debug|Any CPU.ActiveCfg = Debug|Any CPU
		{004A295C-08B1-4C3D-A9E3-8C7F3D129A40}.Debug|Any CPU.Build.0 = Debug|Any CPU
		{004A295C-08B1-4C3D-A9E3-8C7F3D129A40}.Release|Any CPU.ActiveCfg = Release|Any CPU
		{004A295C-08B1-4C3D-A9E3-8C7F3D129A40}.Release|Any CPU.Build.0 = Release|Any CPU
		{0FF91FE7-639D-4257-B06F-AACE857091E2}.Debug|Any CPU.ActiveCfg = Debug|Any CPU
		{0FF91FE7-639D-4257-B06F-AACE857091E2}.Debug|Any CPU.Build.0 = Debug|Any CPU
		{0FF91FE7-639D-4257-B06F-AACE857091E2}.Release|Any CPU.ActiveCfg = Release|Any CPU
		{0FF91FE7-639D-4257-B06F-AACE857091E2}.Release|Any CPU.Build.0 = Release|Any CPU
		{21DCCD2F-730E-4D02-B30F-9337119C4538}.Debug|Any CPU.ActiveCfg = Debug|Any CPU
		{21DCCD2F-730E-4D02-B30F-9337119C4538}.Debug|Any CPU.Build.0 = Debug|Any CPU
		{21DCCD2F-730E-4D02-B30F-9337119C4538}.Release|Any CPU.ActiveCfg = Release|Any CPU
		{21DCCD2F-730E-4D02-B30F-9337119C4538}.Release|Any CPU.Build.0 = Release|Any CPU
		{F12ABF30-7CB9-4E3A-9AD0-BC43192B09B9}.Debug|Any CPU.ActiveCfg = Debug|Any CPU
		{F12ABF30-7CB9-4E3A-9AD0-BC43192B09B9}.Debug|Any CPU.Build.0 = Debug|Any CPU
		{F12ABF30-7CB9-4E3A-9AD0-BC43192B09B9}.Release|Any CPU.ActiveCfg = Release|Any CPU
		{F12ABF30-7CB9-4E3A-9AD0-BC43192B09B9}.Release|Any CPU.Build.0 = Release|Any CPU
		{ACE209DC-E51B-4D0C-BA84-7BDD085DE680}.Debug|Any CPU.ActiveCfg = Debug|Any CPU
		{ACE209DC-E51B-4D0C-BA84-7BDD085DE680}.Debug|Any CPU.Build.0 = Debug|Any CPU
		{ACE209DC-E51B-4D0C-BA84-7BDD085DE680}.Release|Any CPU.ActiveCfg = Release|Any CPU
		{ACE209DC-E51B-4D0C-BA84-7BDD085DE680}.Release|Any CPU.Build.0 = Release|Any CPU
		{EB47BF78-EF1E-4EAB-AD61-8EE2CA9353B6}.Debug|Any CPU.ActiveCfg = Debug|Any CPU
		{EB47BF78-EF1E-4EAB-AD61-8EE2CA9353B6}.Debug|Any CPU.Build.0 = Debug|Any CPU
		{EB47BF78-EF1E-4EAB-AD61-8EE2CA9353B6}.Release|Any CPU.ActiveCfg = Release|Any CPU
		{EB47BF78-EF1E-4EAB-AD61-8EE2CA9353B6}.Release|Any CPU.Build.0 = Release|Any CPU
		{FA40841B-6E26-416C-9E34-4A3215D9E486}.Debug|Any CPU.ActiveCfg = Debug|Any CPU
		{FA40841B-6E26-416C-9E34-4A3215D9E486}.Debug|Any CPU.Build.0 = Debug|Any CPU
		{FA40841B-6E26-416C-9E34-4A3215D9E486}.Release|Any CPU.ActiveCfg = Release|Any CPU
		{FA40841B-6E26-416C-9E34-4A3215D9E486}.Release|Any CPU.Build.0 = Release|Any CPU
	EndGlobalSection
	GlobalSection(NestedProjects) = preSolution
		{650DF417-1B21-4020-9E0D-835066530B3A} = {5FD00B28-001E-4016-B21C-224915FA9262}
		{0FF91FE7-639D-4257-B06F-AACE857091E2} = {BFC38679-F8CD-4AFB-9E2A-9993AF842842}
		{F12ABF30-7CB9-4E3A-9AD0-BC43192B09B9} = {10AB7133-C729-4406-B672-B4F8880B45B0}
		{FA40841B-6E26-416C-9E34-4A3215D9E486} = {10AB7133-C729-4406-B672-B4F8880B45B0}
		{ACE209DC-E51B-4D0C-BA84-7BDD085DE680} = {10AB7133-C729-4406-B672-B4F8880B45B0}
		{004A295C-08B1-4C3D-A9E3-8C7F3D129A40} = {5FD00B28-001E-4016-B21C-224915FA9262}
		{EB47BF78-EF1E-4EAB-AD61-8EE2CA9353B6} = {10AB7133-C729-4406-B672-B4F8880B45B0}
		{21DCCD2F-730E-4D02-B30F-9337119C4538} = {18D91D65-CB35-48F0-BB4C-8ED844574A58}
		{777B0C5B-B697-4040-876F-E3CB49AFB30A} = {18D91D65-CB35-48F0-BB4C-8ED844574A58}
		{8D8B2E8F-C381-4174-BEB4-2AB113D511E3} = {18D91D65-CB35-48F0-BB4C-8ED844574A58}
		{D6E372C7-0011-49A2-BC8C-3B5F18C9AAC4} = {18D91D65-CB35-48F0-BB4C-8ED844574A58}
	EndGlobalSection
EndGlobal
