
Microsoft Visual Studio Solution File, Format Version 12.00
Project("{2150E333-8FDC-42A3-9474-1A3956D46DE8}") = "Api", "Api", "{36CB3DAF-DEC2-4D4F-803D-D0650B2ECBF1}"
EndProject
Project("{2150E333-8FDC-42A3-9474-1A3956D46DE8}") = "Application", "Application", "{90E89183-4459-4BC0-90DE-21BEFA85FE41}"
EndProject
Project("{2150E333-8FDC-42A3-9474-1A3956D46DE8}") = "Core", "Core", "{5FD00B28-001E-4016-B21C-224915FA9262}"
EndProject
Project("{2150E333-8FDC-42A3-9474-1A3956D46DE8}") = "Domain", "Domain", "{2A8635FE-C2B1-45C2-8BFF-007ABBC6A64C}"
EndProject
Project("{2150E333-8FDC-42A3-9474-1A3956D46DE8}") = "Infrastructure", "Infrastructure", "{BFC38679-F8CD-4AFB-9E2A-9993AF842842}"
EndProject
Project("{FAE04EC0-301F-11D3-BF4B-00C04F79EFBC}") = "Franco.Api.Monetto", "Franco.Api.Monetto\Franco.Api.Monetto.csproj", "{777B0C5B-B697-4040-876F-E3CB49AFB30A}"
EndProject
Project("{FAE04EC0-301F-11D3-BF4B-00C04F79EFBC}") = "Franco.Core", "Franco.Core\Franco.Core.csproj", "{650DF417-1B21-4020-9E0D-835066530B3A}"
EndProject
Project("{FAE04EC0-301F-11D3-BF4B-00C04F79EFBC}") = "Franco.Domain.Core", "Franco.Domain.Core\Franco.Domain.Core.csproj", "{7D76C52C-F6AB-4713-9923-9DEE78D8A395}"
EndProject
Project("{FAE04EC0-301F-11D3-BF4B-00C04F79EFBC}") = "Franco.Application.Monetto", "Franco.Application.Monetto\Franco.Application.Monetto.csproj", "{D6E372C7-0011-49A2-BC8C-3B5F18C9AAC4}"
EndProject
Project("{FAE04EC0-301F-11D3-BF4B-00C04F79EFBC}") = "Franco.Domain.Monetto", "Franco.Domain.Monetto\Franco.Domain.Monetto.csproj", "{8D8B2E8F-C381-4174-BEB4-2AB113D511E3}"
EndProject
Project("{FAE04EC0-301F-11D3-BF4B-00C04F79EFBC}") = "Franco.Infra.Core", "Franco.Infra.Core\Franco.Infra.Core.csproj", "{004A295C-08B1-4C3D-A9E3-8C7F3D129A40}"
EndProject
Project("{FAE04EC0-301F-11D3-BF4B-00C04F79EFBC}") = "Franco.Infra.CrossCutting", "Franco.Infra.CrossCutting\Franco.Infra.CrossCutting.csproj", "{0FF91FE7-639D-4257-B06F-AACE857091E2}"
EndProject
Project("{FAE04EC0-301F-11D3-BF4B-00C04F79EFBC}") = "Franco.Infra.Monetto", "Franco.Infra.Monetto\Franco.Infra.Monetto.csproj", "{21DCCD2F-730E-4D02-B30F-9337119C4538}"
EndProject
Global
	GlobalSection(SolutionConfigurationPlatforms) = preSolution
		Debug|Any CPU = Debug|Any CPU
		Release|Any CPU = Release|Any CPU
	EndGlobalSection
	GlobalSection(ProjectConfigurationPlatforms) = postSolution
		{777B0C5B-B697-4040-876F-E3CB49AFB30A}.Debug|Any CPU.ActiveCfg = Debug|Any CPU
		{777B0C5B-B697-4040-876F-E3CB49AFB30A}.Debug|Any CPU.Build.0 = Debug|Any CPU
		{777B0C5B-B697-4040-876F-E3CB49AFB30A}.Release|Any CPU.ActiveCfg = Release|Any CPU
		{777B0C5B-B697-4040-876F-E3CB49AFB30A}.Release|Any CPU.Build.0 = Release|Any CPU
		{650DF417-1B21-4020-9E0D-835066530B3A}.Debug|Any CPU.ActiveCfg = Debug|Any CPU
		{650DF417-1B21-4020-9E0D-835066530B3A}.Debug|Any CPU.Build.0 = Debug|Any CPU
		{650DF417-1B21-4020-9E0D-835066530B3A}.Release|Any CPU.ActiveCfg = Release|Any CPU
		{650DF417-1B21-4020-9E0D-835066530B3A}.Release|Any CPU.Build.0 = Release|Any CPU
		{7D76C52C-F6AB-4713-9923-9DEE78D8A395}.Debug|Any CPU.ActiveCfg = Debug|Any CPU
		{7D76C52C-F6AB-4713-9923-9DEE78D8A395}.Debug|Any CPU.Build.0 = Debug|Any CPU
		{7D76C52C-F6AB-4713-9923-9DEE78D8A395}.Release|Any CPU.ActiveCfg = Release|Any CPU
		{7D76C52C-F6AB-4713-9923-9DEE78D8A395}.Release|Any CPU.Build.0 = Release|Any CPU
		{D6E372C7-0011-49A2-BC8C-3B5F18C9AAC4}.Debug|Any CPU.ActiveCfg = Debug|Any CPU
		{D6E372C7-0011-49A2-BC8C-3B5F18C9AAC4}.Debug|Any CPU.Build.0 = Debug|Any CPU
		{D6E372C7-0011-49A2-BC8C-3B5F18C9AAC4}.Release|Any CPU.ActiveCfg = Release|Any CPU
		{D6E372C7-0011-49A2-BC8C-3B5F18C9AAC4}.Release|Any CPU.Build.0 = Release|Any CPU
		{8D8B2E8F-C381-4174-BEB4-2AB113D511E3}.Debug|Any CPU.ActiveCfg = Debug|Any CPU
		{8D8B2E8F-C381-4174-BEB4-2AB113D511E3}.Debug|Any CPU.Build.0 = Debug|Any CPU
		{8D8B2E8F-C381-4174-BEB4-2AB113D511E3}.Release|Any CPU.ActiveCfg = Release|Any CPU
		{8D8B2E8F-C381-4174-BEB4-2AB113D511E3}.Release|Any CPU.Build.0 = Release|Any CPU
		{004A295C-08B1-4C3D-A9E3-8C7F3D129A40}.Debug|Any CPU.ActiveCfg = Debug|Any CPU
		{004A295C-08B1-4C3D-A9E3-8C7F3D129A40}.Debug|Any CPU.Build.0 = Debug|Any CPU
		{004A295C-08B1-4C3D-A9E3-8C7F3D129A40}.Release|Any CPU.ActiveCfg = Release|Any CPU
		{004A295C-08B1-4C3D-A9E3-8C7F3D129A40}.Release|Any CPU.Build.0 = Release|Any CPU
		{0FF91FE7-639D-4257-B06F-AACE857091E2}.Debug|Any CPU.ActiveCfg = Debug|Any CPU
		{0FF91FE7-639D-4257-B06F-AACE857091E2}.Debug|Any CPU.Build.0 = Debug|Any CPU
		{0FF91FE7-639D-4257-B06F-AACE857091E2}.Release|Any CPU.ActiveCfg = Release|Any CPU
		{0FF91FE7-639D-4257-B06F-AACE857091E2}.Release|Any CPU.Build.0 = Release|Any CPU
		{21DCCD2F-730E-4D02-B30F-9337119C4538}.Debug|Any CPU.ActiveCfg = Debug|Any CPU
		{21DCCD2F-730E-4D02-B30F-9337119C4538}.Debug|Any CPU.Build.0 = Debug|Any CPU
		{21DCCD2F-730E-4D02-B30F-9337119C4538}.Release|Any CPU.ActiveCfg = Release|Any CPU
		{21DCCD2F-730E-4D02-B30F-9337119C4538}.Release|Any CPU.Build.0 = Release|Any CPU
	EndGlobalSection
	GlobalSection(NestedProjects) = preSolution
		{777B0C5B-B697-4040-876F-E3CB49AFB30A} = {36CB3DAF-DEC2-4D4F-803D-D0650B2ECBF1}
		{650DF417-1B21-4020-9E0D-835066530B3A} = {5FD00B28-001E-4016-B21C-224915FA9262}
		{7D76C52C-F6AB-4713-9923-9DEE78D8A395} = {2A8635FE-C2B1-45C2-8BFF-007ABBC6A64C}
		{D6E372C7-0011-49A2-BC8C-3B5F18C9AAC4} = {90E89183-4459-4BC0-90DE-21BEFA85FE41}
		{8D8B2E8F-C381-4174-BEB4-2AB113D511E3} = {2A8635FE-C2B1-45C2-8BFF-007ABBC6A64C}
		{004A295C-08B1-4C3D-A9E3-8C7F3D129A40} = {BFC38679-F8CD-4AFB-9E2A-9993AF842842}
		{0FF91FE7-639D-4257-B06F-AACE857091E2} = {BFC38679-F8CD-4AFB-9E2A-9993AF842842}
		{21DCCD2F-730E-4D02-B30F-9337119C4538} = {BFC38679-F8CD-4AFB-9E2A-9993AF842842}
	EndGlobalSection
EndGlobal
